
Microsoft Visual Studio Solution File, Format Version 12.00
# Visual Studio Version 16
VisualStudioVersion = 16.0.29709.97
MinimumVisualStudioVersion = 10.0.40219.1
Project("{FAE04EC0-301F-11D3-BF4B-00C04F79EFBC}") = "SxS Demo", "SxS Demo\SxS Demo.csproj", "{8A20FC89-0146-41B8-B13F-E677F5025CC4}"
EndProject
Global
	GlobalSection(SolutionConfigurationPlatforms) = preSolution
		Debug|Any CPU = Debug|Any CPU
		Release|Any CPU = Release|Any CPU
	EndGlobalSection
	GlobalSection(ProjectConfigurationPlatforms) = postSolution
		{8A20FC89-0146-41B8-B13F-E677F5025CC4}.Debug|Any CPU.ActiveCfg = Debug|Any CPU
		{8A20FC89-0146-41B8-B13F-E677F5025CC4}.Debug|Any CPU.Build.0 = Debug|Any CPU
		{8A20FC89-0146-41B8-B13F-E677F5025CC4}.Release|Any CPU.ActiveCfg = Release|Any CPU
		{8A20FC89-0146-41B8-B13F-E677F5025CC4}.Release|Any CPU.Build.0 = Release|Any CPU
	EndGlobalSection
	GlobalSection(SolutionProperties) = preSolution
		HideSolutionNode = FALSE
	EndGlobalSection
	GlobalSection(ExtensibilityGlobals) = postSolution
		SolutionGuid = {DCD2CB84-0C93-4181-BDF2-AFF1744BAFD4}
	EndGlobalSection
EndGlobal
